
Microsoft Visual Studio Solution File, Format Version 12.00
# Visual Studio Version 17
VisualStudioVersion = 17.14.36327.8 d17.14
MinimumVisualStudioVersion = 10.0.40219.1
Project("{FAE04EC0-301F-11D3-BF4B-00C04F79EFBC}") = "Trace d'exécution", "Trace d'exécution\Trace d'exécution.csproj", "{3621C989-8402-4B06-923D-D66C7748DD45}"
EndProject
Global
	GlobalSection(SolutionConfigurationPlatforms) = preSolution
		Debug|Any CPU = Debug|Any CPU
		Release|Any CPU = Release|Any CPU
	EndGlobalSection
	GlobalSection(ProjectConfigurationPlatforms) = postSolution
		{3621C989-8402-4B06-923D-D66C7748DD45}.Debug|Any CPU.ActiveCfg = Debug|Any CPU
		{3621C989-8402-4B06-923D-D66C7748DD45}.Debug|Any CPU.Build.0 = Debug|Any CPU
		{3621C989-8402-4B06-923D-D66C7748DD45}.Release|Any CPU.ActiveCfg = Release|Any CPU
		{3621C989-8402-4B06-923D-D66C7748DD45}.Release|Any CPU.Build.0 = Release|Any CPU
	EndGlobalSection
	GlobalSection(SolutionProperties) = preSolution
		HideSolutionNode = FALSE
	EndGlobalSection
	GlobalSection(ExtensibilityGlobals) = postSolution
		SolutionGuid = {CB302828-5488-44E0-B8AC-EE75804655E9}
	EndGlobalSection
EndGlobal
